
Microsoft Visual Studio Solution File, Format Version 12.00
# Visual Studio Version 17
VisualStudioVersion = 17.8.34004.107
MinimumVisualStudioVersion = 10.0.40219.1
Project("{8BC9CEB8-8B4A-11D0-8D11-00A0C91BC942}") = "vjezba rek", "vjezba rek\vjezba rek.vcxproj", "{6D54B392-FD70-4A63-99E3-4FA53409D19F}"
EndProject
Global
	GlobalSection(SolutionConfigurationPlatforms) = preSolution
		Debug|x64 = Debug|x64
		Debug|x86 = Debug|x86
		Release|x64 = Release|x64
		Release|x86 = Release|x86
	EndGlobalSection
	GlobalSection(ProjectConfigurationPlatforms) = postSolution
		{6D54B392-FD70-4A63-99E3-4FA53409D19F}.Debug|x64.ActiveCfg = Debug|x64
		{6D54B392-FD70-4A63-99E3-4FA53409D19F}.Debug|x64.Build.0 = Debug|x64
		{6D54B392-FD70-4A63-99E3-4FA53409D19F}.Debug|x86.ActiveCfg = Debug|Win32
		{6D54B392-FD70-4A63-99E3-4FA53409D19F}.Debug|x86.Build.0 = Debug|Win32
		{6D54B392-FD70-4A63-99E3-4FA53409D19F}.Release|x64.ActiveCfg = Release|x64
		{6D54B392-FD70-4A63-99E3-4FA53409D19F}.Release|x64.Build.0 = Release|x64
		{6D54B392-FD70-4A63-99E3-4FA53409D19F}.Release|x86.ActiveCfg = Release|Win32
		{6D54B392-FD70-4A63-99E3-4FA53409D19F}.Release|x86.Build.0 = Release|Win32
	EndGlobalSection
	GlobalSection(SolutionProperties) = preSolution
		HideSolutionNode = FALSE
	EndGlobalSection
	GlobalSection(ExtensibilityGlobals) = postSolution
		SolutionGuid = {C02949A4-3705-4F7B-9515-1A7F406F583B}
	EndGlobalSection
EndGlobal
